// !$*UTF8*$!
{
	archiveVersion = 1;
	classes = {
	};
	objectVersion = 46;
	objects = {

/* Begin PBXBuildFile section */
		FD4B43E11C6B5850008BF3E8 /* AppDelegate.swift in Sources */ = {isa = PBXBuildFile; fileRef = FD4B43E01C6B5850008BF3E8 /* AppDelegate.swift */; };
		FD4B43E31C6B5850008BF3E8 /* ViewController.swift in Sources */ = {isa = PBXBuildFile; fileRef = FD4B43E21C6B5850008BF3E8 /* ViewController.swift */; };
		FD4B43E61C6B5850008BF3E8 /* Main.storyboard in Resources */ = {isa = PBXBuildFile; fileRef = FD4B43E41C6B5850008BF3E8 /* Main.storyboard */; };
		FD4B43E81C6B5850008BF3E8 /* Assets.xcassets in Resources */ = {isa = PBXBuildFile; fileRef = FD4B43E71C6B5850008BF3E8 /* Assets.xcassets */; };
		FD4B43EB1C6B5850008BF3E8 /* LaunchScreen.storyboard in Resources */ = {isa = PBXBuildFile; fileRef = FD4B43E91C6B5850008BF3E8 /* LaunchScreen.storyboard */; };
		FD4B43F61C6B5851008BF3E8 /* RandomFlatColorTests.swift in Sources */ = {isa = PBXBuildFile; fileRef = FD4B43F51C6B5851008BF3E8 /* RandomFlatColorTests.swift */; };
		FD4B44011C6B5851008BF3E8 /* RandomFlatColorUITests.swift in Sources */ = {isa = PBXBuildFile; fileRef = FD4B44001C6B5851008BF3E8 /* RandomFlatColorUITests.swift */; };
/* End PBXBuildFile section */

/* Begin PBXContainerItemProxy section */
		FD4B43F21C6B5851008BF3E8 /* PBXContainerItemProxy */ = {
			isa = PBXContainerItemProxy;
			containerPortal = FD4B43D51C6B5850008BF3E8 /* Project object */;
			proxyType = 1;
			remoteGlobalIDString = FD4B43DC1C6B5850008BF3E8;
			remoteInfo = RandomFlatColor;
		};
		FD4B43FD1C6B5851008BF3E8 /* PBXContainerItemProxy */ = {
			isa = PBXContainerItemProxy;
			containerPortal = FD4B43D51C6B5850008BF3E8 /* Project object */;
			proxyType = 1;
			remoteGlobalIDString = FD4B43DC1C6B5850008BF3E8;
			remoteInfo = RandomFlatColor;
		};
/* End PBXContainerItemProxy section */

/* Begin PBXFileReference section */
		FD4B43DD1C6B5850008BF3E8 /* RandomFlatColor.app */ = {isa = PBXFileReference; explicitFileType = wrapper.application; includeInIndex = 0; path = RandomFlatColor.app; sourceTree = BUILT_PRODUCTS_DIR; };
		FD4B43E01C6B5850008BF3E8 /* AppDelegate.swift */ = {isa = PBXFileReference; lastKnownFileType = sourcecode.swift; path = AppDelegate.swift; sourceTree = "<group>"; };
		FD4B43E21C6B5850008BF3E8 /* ViewController.swift */ = {isa = PBXFileReference; lastKnownFileType = sourcecode.swift; path = ViewController.swift; sourceTree = "<group>"; };
		FD4B43E51C6B5850008BF3E8 /* Base */ = {isa = PBXFileReference; lastKnownFileType = file.storyboard; name = Base; path = Base.lproj/Main.storyboard; sourceTree = "<group>"; };
		FD4B43E71C6B5850008BF3E8 /* Assets.xcassets */ = {isa = PBXFileReference; lastKnownFileType = folder.assetcatalog; path = Assets.xcassets; sourceTree = "<group>"; };
		FD4B43EA1C6B5850008BF3E8 /* Base */ = {isa = PBXFileReference; lastKnownFileType = file.storyboard; name = Base; path = Base.lproj/LaunchScreen.storyboard; sourceTree = "<group>"; };
		FD4B43EC1C6B5850008BF3E8 /* Info.plist */ = {isa = PBXFileReference; lastKnownFileType = text.plist.xml; path = Info.plist; sourceTree = "<group>"; };
		FD4B43F11C6B5851008BF3E8 /* RandomFlatColorTests.xctest */ = {isa = PBXFileReference; explicitFileType = wrapper.cfbundle; includeInIndex = 0; path = RandomFlatColorTests.xctest; sourceTree = BUILT_PRODUCTS_DIR; };
		FD4B43F51C6B5851008BF3E8 /* RandomFlatColorTests.swift */ = {isa = PBXFileReference; lastKnownFileType = sourcecode.swift; path = RandomFlatColorTests.swift; sourceTree = "<group>"; };
		FD4B43F71C6B5851008BF3E8 /* Info.plist */ = {isa = PBXFileReference; lastKnownFileType = text.plist.xml; path = Info.plist; sourceTree = "<group>"; };
		FD4B43FC1C6B5851008BF3E8 /* RandomFlatColorUITests.xctest */ = {isa = PBXFileReference; explicitFileType = wrapper.cfbundle; includeInIndex = 0; path = RandomFlatColorUITests.xctest; sourceTree = BUILT_PRODUCTS_DIR; };
		FD4B44001C6B5851008BF3E8 /* RandomFlatColorUITests.swift */ = {isa = PBXFileReference; lastKnownFileType = sourcecode.swift; path = RandomFlatColorUITests.swift; sourceTree = "<group>"; };
		FD4B44021C6B5851008BF3E8 /* Info.plist */ = {isa = PBXFileReference; lastKnownFileType = text.plist.xml; path = Info.plist; sourceTree = "<group>"; };
/* End PBXFileReference section */

/* Begin PBXFrameworksBuildPhase section */
		FD4B43DA1C6B5850008BF3E8 /* Frameworks */ = {
			isa = PBXFrameworksBuildPhase;
			buildActionMask = 2147483647;
			files = (
			);
			runOnlyForDeploymentPostprocessing = 0;
		};
		FD4B43EE1C6B5851008BF3E8 /* Frameworks */ = {
			isa = PBXFrameworksBuildPhase;
			buildActionMask = 2147483647;
			files = (
			);
			runOnlyForDeploymentPostprocessing = 0;
		};
		FD4B43F91C6B5851008BF3E8 /* Frameworks */ = {
			isa = PBXFrameworksBuildPhase;
			buildActionMask = 2147483647;
			files = (
			);
			runOnlyForDeploymentPostprocessing = 0;
		};
/* End PBXFrameworksBuildPhase section */

/* Begin PBXGroup section */
		FD4B43D41C6B5850008BF3E8 = {
			isa = PBXGroup;
			children = (
				FD4B43DF1C6B5850008BF3E8 /* RandomFlatColor */,
				FD4B43F41C6B5851008BF3E8 /* RandomFlatColorTests */,
				FD4B43FF1C6B5851008BF3E8 /* RandomFlatColorUITests */,
				FD4B43DE1C6B5850008BF3E8 /* Products */,
			);
			sourceTree = "<group>";
		};
		FD4B43DE1C6B5850008BF3E8 /* Products */ = {
			isa = PBXGroup;
			children = (
				FD4B43DD1C6B5850008BF3E8 /* RandomFlatColor.app */,
				FD4B43F11C6B5851008BF3E8 /* RandomFlatColorTests.xctest */,
				FD4B43FC1C6B5851008BF3E8 /* RandomFlatColorUITests.xctest */,
			);
			name = Products;
			sourceTree = "<group>";
		};
		FD4B43DF1C6B5850008BF3E8 /* RandomFlatColor */ = {
			isa = PBXGroup;
			children = (
				FD4B43E01C6B5850008BF3E8 /* AppDelegate.swift */,
				FD4B43E21C6B5850008BF3E8 /* ViewController.swift */,
				FD4B43E41C6B5850008BF3E8 /* Main.storyboard */,
				FD4B43E71C6B5850008BF3E8 /* Assets.xcassets */,
				FD4B43E91C6B5850008BF3E8 /* LaunchScreen.storyboard */,
				FD4B43EC1C6B5850008BF3E8 /* Info.plist */,
			);
			path = RandomFlatColor;
			sourceTree = "<group>";
		};
		FD4B43F41C6B5851008BF3E8 /* RandomFlatColorTests */ = {
			isa = PBXGroup;
			children = (
				FD4B43F51C6B5851008BF3E8 /* RandomFlatColorTests.swift */,
				FD4B43F71C6B5851008BF3E8 /* Info.plist */,
			);
			path = RandomFlatColorTests;
			sourceTree = "<group>";
		};
		FD4B43FF1C6B5851008BF3E8 /* RandomFlatColorUITests */ = {
			isa = PBXGroup;
			children = (
				FD4B44001C6B5851008BF3E8 /* RandomFlatColorUITests.swift */,
				FD4B44021C6B5851008BF3E8 /* Info.plist */,
			);
			path = RandomFlatColorUITests;
			sourceTree = "<group>";
		};
/* End PBXGroup section */

/* Begin PBXNativeTarget section */
		FD4B43DC1C6B5850008BF3E8 /* RandomFlatColor */ = {
			isa = PBXNativeTarget;
			buildConfigurationList = FD4B44051C6B5851008BF3E8 /* Build configuration list for PBXNativeTarget "RandomFlatColor" */;
			buildPhases = (
				FD4B43D91C6B5850008BF3E8 /* Sources */,
				FD4B43DA1C6B5850008BF3E8 /* Frameworks */,
				FD4B43DB1C6B5850008BF3E8 /* Resources */,
			);
			buildRules = (
			);
			dependencies = (
			);
			name = RandomFlatColor;
			productName = RandomFlatColor;
			productReference = FD4B43DD1C6B5850008BF3E8 /* RandomFlatColor.app */;
			productType = "com.apple.product-type.application";
		};
		FD4B43F01C6B5851008BF3E8 /* RandomFlatColorTests */ = {
			isa = PBXNativeTarget;
			buildConfigurationList = FD4B44081C6B5851008BF3E8 /* Build configuration list for PBXNativeTarget "RandomFlatColorTests" */;
			buildPhases = (
				FD4B43ED1C6B5851008BF3E8 /* Sources */,
				FD4B43EE1C6B5851008BF3E8 /* Frameworks */,
				FD4B43EF1C6B5851008BF3E8 /* Resources */,
			);
			buildRules = (
			);
			dependencies = (
				FD4B43F31C6B5851008BF3E8 /* PBXTargetDependency */,
			);
			name = RandomFlatColorTests;
			productName = RandomFlatColorTests;
			productReference = FD4B43F11C6B5851008BF3E8 /* RandomFlatColorTests.xctest */;
			productType = "com.apple.product-type.bundle.unit-test";
		};
		FD4B43FB1C6B5851008BF3E8 /* RandomFlatColorUITests */ = {
			isa = PBXNativeTarget;
			buildConfigurationList = FD4B440B1C6B5851008BF3E8 /* Build configuration list for PBXNativeTarget "RandomFlatColorUITests" */;
			buildPhases = (
				FD4B43F81C6B5851008BF3E8 /* Sources */,
				FD4B43F91C6B5851008BF3E8 /* Frameworks */,
				FD4B43FA1C6B5851008BF3E8 /* Resources */,
			);
			buildRules = (
			);
			dependencies = (
				FD4B43FE1C6B5851008BF3E8 /* PBXTargetDependency */,
			);
			name = RandomFlatColorUITests;
			productName = RandomFlatColorUITests;
			productReference = FD4B43FC1C6B5851008BF3E8 /* RandomFlatColorUITests.xctest */;
			productType = "com.apple.product-type.bundle.ui-testing";
		};
/* End PBXNativeTarget section */

/* Begin PBXProject section */
		FD4B43D51C6B5850008BF3E8 /* Project object */ = {
			isa = PBXProject;
			attributes = {
				LastSwiftUpdateCheck = 0710;
				LastUpgradeCheck = 0710;
				ORGANIZATIONNAME = "aman jain";
				TargetAttributes = {
					FD4B43DC1C6B5850008BF3E8 = {
						CreatedOnToolsVersion = 7.1;
					};
					FD4B43F01C6B5851008BF3E8 = {
						CreatedOnToolsVersion = 7.1;
						TestTargetID = FD4B43DC1C6B5850008BF3E8;
					};
					FD4B43FB1C6B5851008BF3E8 = {
						CreatedOnToolsVersion = 7.1;
						TestTargetID = FD4B43DC1C6B5850008BF3E8;
					};
				};
			};
			buildConfigurationList = FD4B43D81C6B5850008BF3E8 /* Build configuration list for PBXProject "RandomFlatColor" */;
			compatibilityVersion = "Xcode 3.2";
			developmentRegion = English;
			hasScannedForEncodings = 0;
			knownRegions = (
				en,
				Base,
			);
			mainGroup = FD4B43D41C6B5850008BF3E8;
			productRefGroup = FD4B43DE1C6B5850008BF3E8 /* Products */;
			projectDirPath = "";
			projectRoot = "";
			targets = (
				FD4B43DC1C6B5850008BF3E8 /* RandomFlatColor */,
				FD4B43F01C6B5851008BF3E8 /* RandomFlatColorTests */,
				FD4B43FB1C6B5851008BF3E8 /* RandomFlatColorUITests */,
			);
		};
/* End PBXProject section */

/* Begin PBXResourcesBuildPhase section */
		FD4B43DB1C6B5850008BF3E8 /* Resources */ = {
			isa = PBXResourcesBuildPhase;
			buildActionMask = 2147483647;
			files = (
				FD4B43EB1C6B5850008BF3E8 /* LaunchScreen.storyboard in Resources */,
				FD4B43E81C6B5850008BF3E8 /* Assets.xcassets in Resources */,
				FD4B43E61C6B5850008BF3E8 /* Main.storyboard in Resources */,
			);
			runOnlyForDeploymentPostprocessing = 0;
		};
		FD4B43EF1C6B5851008BF3E8 /* Resources */ = {
			isa = PBXResourcesBuildPhase;
			buildActionMask = 2147483647;
			files = (
			);
			runOnlyForDeploymentPostprocessing = 0;
		};
		FD4B43FA1C6B5851008BF3E8 /* Resources */ = {
			isa = PBXResourcesBuildPhase;
			buildActionMask = 2147483647;
			files = (
			);
			runOnlyForDeploymentPostprocessing = 0;
		};
/* End PBXResourcesBuildPhase section */

/* Begin PBXSourcesBuildPhase section */
		FD4B43D91C6B5850008BF3E8 /* Sources */ = {
			isa = PBXSourcesBuildPhase;
			buildActionMask = 2147483647;
			files = (
				FD4B43E31C6B5850008BF3E8 /* ViewController.swift in Sources */,
				FD4B43E11C6B5850008BF3E8 /* AppDelegate.swift in Sources */,
			);
			runOnlyForDeploymentPostprocessing = 0;
		};
		FD4B43ED1C6B5851008BF3E8 /* Sources */ = {
			isa = PBXSourcesBuildPhase;
			buildActionMask = 2147483647;
			files = (
				FD4B43F61C6B5851008BF3E8 /* RandomFlatColorTests.swift in Sources */,
			);
			runOnlyForDeploymentPostprocessing = 0;
		};
		FD4B43F81C6B5851008BF3E8 /* Sources */ = {
			isa = PBXSourcesBuildPhase;
			buildActionMask = 2147483647;
			files = (
				FD4B44011C6B5851008BF3E8 /* RandomFlatColorUITests.swift in Sources */,
			);
			runOnlyForDeploymentPostprocessing = 0;
		};
/* End PBXSourcesBuildPhase section */

/* Begin PBXTargetDependency section */
		FD4B43F31C6B5851008BF3E8 /* PBXTargetDependency */ = {
			isa = PBXTargetDependency;
			target = FD4B43DC1C6B5850008BF3E8 /* RandomFlatColor */;
			targetProxy = FD4B43F21C6B5851008BF3E8 /* PBXContainerItemProxy */;
		};
		FD4B43FE1C6B5851008BF3E8 /* PBXTargetDependency */ = {
			isa = PBXTargetDependency;
			target = FD4B43DC1C6B5850008BF3E8 /* RandomFlatColor */;
			targetProxy = FD4B43FD1C6B5851008BF3E8 /* PBXContainerItemProxy */;
		};
/* End PBXTargetDependency section */

/* Begin PBXVariantGroup section */
		FD4B43E41C6B5850008BF3E8 /* Main.storyboard */ = {
			isa = PBXVariantGroup;
			children = (
				FD4B43E51C6B5850008BF3E8 /* Base */,
			);
			name = Main.storyboard;
			sourceTree = "<group>";
		};
		FD4B43E91C6B5850008BF3E8 /* LaunchScreen.storyboard */ = {
			isa = PBXVariantGroup;
			children = (
				FD4B43EA1C6B5850008BF3E8 /* Base */,
			);
			name = LaunchScreen.storyboard;
			sourceTree = "<group>";
		};
/* End PBXVariantGroup section */

/* Begin XCBuildConfiguration section */
		FD4B44031C6B5851008BF3E8 /* Debug */ = {
			isa = XCBuildConfiguration;
			buildSettings = {
				ALWAYS_SEARCH_USER_PATHS = NO;
				CLANG_CXX_LANGUAGE_STANDARD = "gnu++0x";
				CLANG_CXX_LIBRARY = "libc++";
				CLANG_ENABLE_MODULES = YES;
				CLANG_ENABLE_OBJC_ARC = YES;
				CLANG_WARN_BOOL_CONVERSION = YES;
				CLANG_WARN_CONSTANT_CONVERSION = YES;
				CLANG_WARN_DIRECT_OBJC_ISA_USAGE = YES_ERROR;
				CLANG_WARN_EMPTY_BODY = YES;
				CLANG_WARN_ENUM_CONVERSION = YES;
				CLANG_WARN_INT_CONVERSION = YES;
				CLANG_WARN_OBJC_ROOT_CLASS = YES_ERROR;
				CLANG_WARN_UNREACHABLE_CODE = YES;
				CLANG_WARN__DUPLICATE_METHOD_MATCH = YES;
				"CODE_SIGN_IDENTITY[sdk=iphoneos*]" = "iPhone Developer";
				COPY_PHASE_STRIP = NO;
				DEBUG_INFORMATION_FORMAT = dwarf;
				ENABLE_STRICT_OBJC_MSGSEND = YES;
				ENABLE_TESTABILITY = YES;
				GCC_C_LANGUAGE_STANDARD = gnu99;
				GCC_DYNAMIC_NO_PIC = NO;
				GCC_NO_COMMON_BLOCKS = YES;
				GCC_OPTIMIZATION_LEVEL = 0;
				GCC_PREPROCESSOR_DEFINITIONS = (
					"DEBUG=1",
					"$(inherited)",
				);
				GCC_WARN_64_TO_32_BIT_CONVERSION = YES;
				GCC_WARN_ABOUT_RETURN_TYPE = YES_ERROR;
				GCC_WARN_UNDECLARED_SELECTOR = YES;
				GCC_WARN_UNINITIALIZED_AUTOS = YES_AGGRESSIVE;
				GCC_WARN_UNUSED_FUNCTION = YES;
				GCC_WARN_UNUSED_VARIABLE = YES;
				IPHONEOS_DEPLOYMENT_TARGET = 9.1;
				MTL_ENABLE_DEBUG_INFO = YES;
				ONLY_ACTIVE_ARCH = YES;
				SDKROOT = iphoneos;
				SWIFT_OPTIMIZATION_LEVEL = "-Onone";
				TARGETED_DEVICE_FAMILY = "1,2";
			};
			name = Debug;
		};
		FD4B44041C6B5851008BF3E8 /* Release */ = {
			isa = XCBuildConfiguration;
			buildSettings = {
				ALWAYS_SEARCH_USER_PATHS = NO;
				CLANG_CXX_LANGUAGE_STANDARD = "gnu++0x";
				CLANG_CXX_LIBRARY = "libc++";
				CLANG_ENABLE_MODULES = YES;
				CLANG_ENABLE_OBJC_ARC = YES;
				CLANG_WARN_BOOL_CONVERSION = YES;
				CLANG_WARN_CONSTANT_CONVERSION = YES;
				CLANG_WARN_DIRECT_OBJC_ISA_USAGE = YES_ERROR;
				CLANG_WARN_EMPTY_BODY = YES;
				CLANG_WARN_ENUM_CONVERSION = YES;
				CLANG_WARN_INT_CONVERSION = YES;
				CLANG_WARN_OBJC_ROOT_CLASS = YES_ERROR;
				CLANG_WARN_UNREACHABLE_CODE = YES;
				CLANG_WARN__DUPLICATE_METHOD_MATCH = YES;
				"CODE_SIGN_IDENTITY[sdk=iphoneos*]" = "iPhone Developer";
				COPY_PHASE_STRIP = NO;
				DEBUG_INFORMATION_FORMAT = "dwarf-with-dsym";
				ENABLE_NS_ASSERTIONS = NO;
				ENABLE_STRICT_OBJC_MSGSEND = YES;
				GCC_C_LANGUAGE_STANDARD = gnu99;
				GCC_NO_COMMON_BLOCKS = YES;
				GCC_WARN_64_TO_32_BIT_CONVERSION = YES;
				GCC_WARN_ABOUT_RETURN_TYPE = YES_ERROR;
				GCC_WARN_UNDECLARED_SELECTOR = YES;
				GCC_WARN_UNINITIALIZED_AUTOS = YES_AGGRESSIVE;
				GCC_WARN_UNUSED_FUNCTION = YES;
				GCC_WARN_UNUSED_VARIABLE = YES;
				IPHONEOS_DEPLOYMENT_TARGET = 9.1;
				MTL_ENABLE_DEBUG_INFO = NO;
				SDKROOT = iphoneos;
				TARGETED_DEVICE_FAMILY = "1,2";
				VALIDATE_PRODUCT = YES;
			};
			name = Release;
		};
		FD4B44061C6B5851008BF3E8 /* Debug */ = {
			isa = XCBuildConfiguration;
			buildSettings = {
				ASSETCATALOG_COMPILER_APPICON_NAME = AppIcon;
				INFOPLIST_FILE = RandomFlatColor/Info.plist;
				LD_RUNPATH_SEARCH_PATHS = "$(inherited) @executable_path/Frameworks";
				PRODUCT_BUNDLE_IDENTIFIER = "Aman-Jain.RandomFlatColor";
				PRODUCT_NAME = "$(TARGET_NAME)";
			};
			name = Debug;
		};
		FD4B44071C6B5851008BF3E8 /* Release */ = {
			isa = XCBuildConfiguration;
			buildSettings = {
				ASSETCATALOG_COMPILER_APPICON_NAME = AppIcon;
				INFOPLIST_FILE = RandomFlatColor/Info.plist;
				LD_RUNPATH_SEARCH_PATHS = "$(inherited) @executable_path/Frameworks";
				PRODUCT_BUNDLE_IDENTIFIER = "Aman-Jain.RandomFlatColor";
				PRODUCT_NAME = "$(TARGET_NAME)";
			};
			name = Release;
		};
		FD4B44091C6B5851008BF3E8 /* Debug */ = {
			isa = XCBuildConfiguration;
			buildSettings = {
				BUNDLE_LOADER = "$(TEST_HOST)";
				INFOPLIST_FILE = RandomFlatColorTests/Info.plist;
				LD_RUNPATH_SEARCH_PATHS = "$(inherited) @executable_path/Frameworks @loader_path/Frameworks";
				PRODUCT_BUNDLE_IDENTIFIER = "Aman-Jain.RandomFlatColorTests";
				PRODUCT_NAME = "$(TARGET_NAME)";
				TEST_HOST = "$(BUILT_PRODUCTS_DIR)/RandomFlatColor.app/RandomFlatColor";
			};
			name = Debug;
		};
		FD4B440A1C6B5851008BF3E8 /* Release */ = {
			isa = XCBuildConfiguration;
			buildSettings = {
				BUNDLE_LOADER = "$(TEST_HOST)";
				INFOPLIST_FILE = RandomFlatColorTests/Info.plist;
				LD_RUNPATH_SEARCH_PATHS = "$(inherited) @executable_path/Frameworks @loader_path/Frameworks";
				PRODUCT_BUNDLE_IDENTIFIER = "Aman-Jain.RandomFlatColorTests";
				PRODUCT_NAME = "$(TARGET_NAME)";
				TEST_HOST = "$(BUILT_PRODUCTS_DIR)/RandomFlatColor.app/RandomFlatColor";
			};
			name = Release;
		};
		FD4B440C1C6B5851008BF3E8 /* Debug */ = {
			isa = XCBuildConfiguration;
			buildSettings = {
				INFOPLIST_FILE = RandomFlatColorUITests/Info.plist;
				LD_RUNPATH_SEARCH_PATHS = "$(inherited) @executable_path/Frameworks @loader_path/Frameworks";
				PRODUCT_BUNDLE_IDENTIFIER = "Aman-Jain.RandomFlatColorUITests";
				PRODUCT_NAME = "$(TARGET_NAME)";
				TEST_TARGET_NAME = RandomFlatColor;
				USES_XCTRUNNER = YES;
			};
			name = Debug;
		};
		FD4B440D1C6B5851008BF3E8 /* Release */ = {
			isa = XCBuildConfiguration;
			buildSettings = {
				INFOPLIST_FILE = RandomFlatColorUITests/Info.plist;
				LD_RUNPATH_SEARCH_PATHS = "$(inherited) @executable_path/Frameworks @loader_path/Frameworks";
				PRODUCT_BUNDLE_IDENTIFIER = "Aman-Jain.RandomFlatColorUITests";
				PRODUCT_NAME = "$(TARGET_NAME)";
				TEST_TARGET_NAME = RandomFlatColor;
				USES_XCTRUNNER = YES;
			};
			name = Release;
		};
/* End XCBuildConfiguration section */

/* Begin XCConfigurationList section */
		FD4B43D81C6B5850008BF3E8 /* Build configuration list for PBXProject "RandomFlatColor" */ = {
			isa = XCConfigurationList;
			buildConfigurations = (
				FD4B44031C6B5851008BF3E8 /* Debug */,
				FD4B44041C6B5851008BF3E8 /* Release */,
			);
			defaultConfigurationIsVisible = 0;
			defaultConfigurationName = Release;
		};
		FD4B44051C6B5851008BF3E8 /* Build configuration list for PBXNativeTarget "RandomFlatColor" */ = {
			isa = XCConfigurationList;
			buildConfigurations = (
				FD4B44061C6B5851008BF3E8 /* Debug */,
				FD4B44071C6B5851008BF3E8 /* Release */,
			);
			defaultConfigurationIsVisible = 0;
		};
		FD4B44081C6B5851008BF3E8 /* Build configuration list for PBXNativeTarget "RandomFlatColorTests" */ = {
			isa = XCConfigurationList;
			buildConfigurations = (
				FD4B44091C6B5851008BF3E8 /* Debug */,
				FD4B440A1C6B5851008BF3E8 /* Release */,
			);
			defaultConfigurationIsVisible = 0;
		};
		FD4B440B1C6B5851008BF3E8 /* Build configuration list for PBXNativeTarget "RandomFlatColorUITests" */ = {
			isa = XCConfigurationList;
			buildConfigurations = (
				FD4B440C1C6B5851008BF3E8 /* Debug */,
				FD4B440D1C6B5851008BF3E8 /* Release */,
			);
			defaultConfigurationIsVisible = 0;
		};
/* End XCConfigurationList section */
	};
	rootObject = FD4B43D51C6B5850008BF3E8 /* Project object */;
}
